snapshot_role=synthetic_wide_test_control
snapshot_id=SYN-K50-WIDE-STRUCTURAL-001
path=data/synthetic/k50_wide_structural_fixture.csv
md5=dbf251823693012a0cdc6a020f36ebbd
sha256=fa0e93b789f7f4df3522798bafc4d94e131a04912707173727e4107c3350da34
rows_loaded_expected=4
selection_reason=synthetic_structural_validation_only_not_production_authority
